// !$*UTF8*$!
{
	archiveVersion = 1;
	classes = {
	};
	objectVersion = 46;
	objects = {

/* Begin PBXBuildFile section */
		2104F5451DC658A20039CA14 /* DVR.h in Headers */ = {isa = PBXBuildFile; fileRef = 3647AF9E1B335D5500EF10D4 /* DVR.h */; settings = {ATTRIBUTES = (Public, ); }; };
		2104F5461DC658A60039CA14 /* Session.swift in Sources */ = {isa = PBXBuildFile; fileRef = 3647AFB81B335E4A00EF10D4 /* Session.swift */; };
		2104F5471DC658A60039CA14 /* SessionDataTask.swift in Sources */ = {isa = PBXBuildFile; fileRef = 3647AFB91B335E4A00EF10D4 /* SessionDataTask.swift */; };
		2104F5481DC658A60039CA14 /* SessionDownloadTask.swift in Sources */ = {isa = PBXBuildFile; fileRef = 360F5F721B5C907A001AADD1 /* SessionDownloadTask.swift */; };
		2104F5491DC658A60039CA14 /* SessionUploadTask.swift in Sources */ = {isa = PBXBuildFile; fileRef = B19D62641CB1860400E16D11 /* SessionUploadTask.swift */; };
		2104F54A1DC658A60039CA14 /* Cassette.swift in Sources */ = {isa = PBXBuildFile; fileRef = 3647AFB51B335E4A00EF10D4 /* Cassette.swift */; };
		2104F54B1DC658A60039CA14 /* Interaction.swift in Sources */ = {isa = PBXBuildFile; fileRef = 3647AFB61B335E4A00EF10D4 /* Interaction.swift */; };
		2104F54C1DC658A60039CA14 /* URLRequest.swift in Sources */ = {isa = PBXBuildFile; fileRef = 3647AFB71B335E4A00EF10D4 /* URLRequest.swift */; };
		2104F54D1DC658A60039CA14 /* URLResponse.swift in Sources */ = {isa = PBXBuildFile; fileRef = 3647AFBF1B33602A00EF10D4 /* URLResponse.swift */; };
		2104F54E1DC658A60039CA14 /* HTTPURLResponse.swift in Sources */ = {isa = PBXBuildFile; fileRef = 3647AFC11B3363C400EF10D4 /* HTTPURLResponse.swift */; };
		26D1E4181D1C30D500A20B76 /* SessionUploadTask.swift in Sources */ = {isa = PBXBuildFile; fileRef = B19D62641CB1860400E16D11 /* SessionUploadTask.swift */; };
		360F5F731B5C907A001AADD1 /* SessionDownloadTask.swift in Sources */ = {isa = PBXBuildFile; fileRef = 360F5F721B5C907A001AADD1 /* SessionDownloadTask.swift */; };
		360F5F751B5C907A001AADD1 /* SessionDownloadTask.swift in Sources */ = {isa = PBXBuildFile; fileRef = 360F5F721B5C907A001AADD1 /* SessionDownloadTask.swift */; };
		3647AF9F1B335D5500EF10D4 /* DVR.h in Headers */ = {isa = PBXBuildFile; fileRef = 3647AF9E1B335D5500EF10D4 /* DVR.h */; settings = {ATTRIBUTES = (Public, ); }; };
		3647AFBA1B335E4A00EF10D4 /* Cassette.swift in Sources */ = {isa = PBXBuildFile; fileRef = 3647AFB51B335E4A00EF10D4 /* Cassette.swift */; };
		3647AFBB1B335E4A00EF10D4 /* Interaction.swift in Sources */ = {isa = PBXBuildFile; fileRef = 3647AFB61B335E4A00EF10D4 /* Interaction.swift */; };
		3647AFBC1B335E4A00EF10D4 /* URLRequest.swift in Sources */ = {isa = PBXBuildFile; fileRef = 3647AFB71B335E4A00EF10D4 /* URLRequest.swift */; };
		3647AFBD1B335E4A00EF10D4 /* Session.swift in Sources */ = {isa = PBXBuildFile; fileRef = 3647AFB81B335E4A00EF10D4 /* Session.swift */; };
		3647AFBE1B335E4A00EF10D4 /* SessionDataTask.swift in Sources */ = {isa = PBXBuildFile; fileRef = 3647AFB91B335E4A00EF10D4 /* SessionDataTask.swift */; };
		3647AFC01B33602A00EF10D4 /* URLResponse.swift in Sources */ = {isa = PBXBuildFile; fileRef = 3647AFBF1B33602A00EF10D4 /* URLResponse.swift */; };
		3647AFC21B3363C400EF10D4 /* HTTPURLResponse.swift in Sources */ = {isa = PBXBuildFile; fileRef = 3647AFC11B3363C400EF10D4 /* HTTPURLResponse.swift */; };
		3690A0921B33AA9400731222 /* DVR.h in Headers */ = {isa = PBXBuildFile; fileRef = 3647AF9E1B335D5500EF10D4 /* DVR.h */; settings = {ATTRIBUTES = (Public, ); }; };
		3690A0931B33AA9400731222 /* Session.swift in Sources */ = {isa = PBXBuildFile; fileRef = 3647AFB81B335E4A00EF10D4 /* Session.swift */; };
		3690A0941B33AA9400731222 /* SessionDataTask.swift in Sources */ = {isa = PBXBuildFile; fileRef = 3647AFB91B335E4A00EF10D4 /* SessionDataTask.swift */; };
		3690A0951B33AA9400731222 /* Cassette.swift in Sources */ = {isa = PBXBuildFile; fileRef = 3647AFB51B335E4A00EF10D4 /* Cassette.swift */; };
		3690A0961B33AA9400731222 /* Interaction.swift in Sources */ = {isa = PBXBuildFile; fileRef = 3647AFB61B335E4A00EF10D4 /* Interaction.swift */; };
		3690A0971B33AA9400731222 /* URLRequest.swift in Sources */ = {isa = PBXBuildFile; fileRef = 3647AFB71B335E4A00EF10D4 /* URLRequest.swift */; };
		3690A0981B33AA9400731222 /* URLResponse.swift in Sources */ = {isa = PBXBuildFile; fileRef = 3647AFBF1B33602A00EF10D4 /* URLResponse.swift */; };
		3690A0991B33AA9400731222 /* HTTPURLResponse.swift in Sources */ = {isa = PBXBuildFile; fileRef = 3647AFC11B3363C400EF10D4 /* HTTPURLResponse.swift */; };
		B19D62651CB1860400E16D11 /* SessionUploadTask.swift in Sources */ = {isa = PBXBuildFile; fileRef = B19D62641CB1860400E16D11 /* SessionUploadTask.swift */; };
		ED7862851F7D42B800CB2625 /* Info.plist in Resources */ = {isa = PBXBuildFile; fileRef = ED7862811F7D42B800CB2625 /* Info.plist */; };
		ED7862871F7D42C200CB2625 /* SessionUploadTests.swift in Sources */ = {isa = PBXBuildFile; fileRef = ED7862821F7D42B800CB2625 /* SessionUploadTests.swift */; };
		ED7862881F7D42C200CB2625 /* SessionUploadTests.swift in Sources */ = {isa = PBXBuildFile; fileRef = ED7862821F7D42B800CB2625 /* SessionUploadTests.swift */; };
		ED7862891F7D42C300CB2625 /* SessionUploadTests.swift in Sources */ = {isa = PBXBuildFile; fileRef = ED7862821F7D42B800CB2625 /* SessionUploadTests.swift */; };
		ED78628A1F7D42C700CB2625 /* SessionTests.swift in Sources */ = {isa = PBXBuildFile; fileRef = ED78627F1F7D42B700CB2625 /* SessionTests.swift */; };
		ED78628B1F7D42C700CB2625 /* SessionTests.swift in Sources */ = {isa = PBXBuildFile; fileRef = ED78627F1F7D42B700CB2625 /* SessionTests.swift */; };
		ED78628C1F7D42C800CB2625 /* SessionTests.swift in Sources */ = {isa = PBXBuildFile; fileRef = ED78627F1F7D42B700CB2625 /* SessionTests.swift */; };
		ED78629F1F7D44EA00CB2625 /* example.json in Resources */ = {isa = PBXBuildFile; fileRef = ED7862911F7D44E200CB2625 /* example.json */; };
		ED7862A01F7D44EA00CB2625 /* json-example.json in Resources */ = {isa = PBXBuildFile; fileRef = ED7862971F7D44E200CB2625 /* json-example.json */; };
		ED7862A11F7D44EA00CB2625 /* multiple.json in Resources */ = {isa = PBXBuildFile; fileRef = ED7862951F7D44E200CB2625 /* multiple.json */; };
		ED7862A21F7D44EA00CB2625 /* testfile.txt in Resources */ = {isa = PBXBuildFile; fileRef = ED7862921F7D44E200CB2625 /* testfile.txt */; };
		ED7862A31F7D44EA00CB2625 /* text.json in Resources */ = {isa = PBXBuildFile; fileRef = ED7862961F7D44E200CB2625 /* text.json */; };
		ED7862A41F7D44EA00CB2625 /* upload-data.json in Resources */ = {isa = PBXBuildFile; fileRef = ED7862941F7D44E200CB2625 /* upload-data.json */; };
		ED7862A51F7D44EA00CB2625 /* upload-file.json in Resources */ = {isa = PBXBuildFile; fileRef = ED7862931F7D44E200CB2625 /* upload-file.json */; };
		ED7862A61F7D44EB00CB2625 /* example.json in Resources */ = {isa = PBXBuildFile; fileRef = ED7862911F7D44E200CB2625 /* example.json */; };
		ED7862A71F7D44EB00CB2625 /* json-example.json in Resources */ = {isa = PBXBuildFile; fileRef = ED7862971F7D44E200CB2625 /* json-example.json */; };
		ED7862A81F7D44EB00CB2625 /* multiple.json in Resources */ = {isa = PBXBuildFile; fileRef = ED7862951F7D44E200CB2625 /* multiple.json */; };
		ED7862A91F7D44EB00CB2625 /* testfile.txt in Resources */ = {isa = PBXBuildFile; fileRef = ED7862921F7D44E200CB2625 /* testfile.txt */; };
		ED7862AA1F7D44EB00CB2625 /* text.json in Resources */ = {isa = PBXBuildFile; fileRef = ED7862961F7D44E200CB2625 /* text.json */; };
		ED7862AB1F7D44EB00CB2625 /* upload-data.json in Resources */ = {isa = PBXBuildFile; fileRef = ED7862941F7D44E200CB2625 /* upload-data.json */; };
		ED7862AC1F7D44EB00CB2625 /* upload-file.json in Resources */ = {isa = PBXBuildFile; fileRef = ED7862931F7D44E200CB2625 /* upload-file.json */; };
		ED7862AD1F7D44EB00CB2625 /* example.json in Resources */ = {isa = PBXBuildFile; fileRef = ED7862911F7D44E200CB2625 /* example.json */; };
		ED7862AE1F7D44EB00CB2625 /* json-example.json in Resources */ = {isa = PBXBuildFile; fileRef = ED7862971F7D44E200CB2625 /* json-example.json */; };
		ED7862AF1F7D44EB00CB2625 /* multiple.json in Resources */ = {isa = PBXBuildFile; fileRef = ED7862951F7D44E200CB2625 /* multiple.json */; };
		ED7862B01F7D44EB00CB2625 /* testfile.txt in Resources */ = {isa = PBXBuildFile; fileRef = ED7862921F7D44E200CB2625 /* testfile.txt */; };
		ED7862B11F7D44EB00CB2625 /* text.json in Resources */ = {isa = PBXBuildFile; fileRef = ED7862961F7D44E200CB2625 /* text.json */; };
		ED7862B21F7D44EB00CB2625 /* upload-data.json in Resources */ = {isa = PBXBuildFile; fileRef = ED7862941F7D44E200CB2625 /* upload-data.json */; };
		ED7862B31F7D44EB00CB2625 /* upload-file.json in Resources */ = {isa = PBXBuildFile; fileRef = ED7862931F7D44E200CB2625 /* upload-file.json */; };
		EDC4065920D9ABE900A5D1F7 /* upload-file.json in Resources */ = {isa = PBXBuildFile; fileRef = EDC4065120D9ABE800A5D1F7 /* upload-file.json */; };
		EDC4065A20D9ABE900A5D1F7 /* upload-file.json in Resources */ = {isa = PBXBuildFile; fileRef = EDC4065120D9ABE800A5D1F7 /* upload-file.json */; };
		EDC4065B20D9ABE900A5D1F7 /* upload-file.json in Resources */ = {isa = PBXBuildFile; fileRef = EDC4065120D9ABE800A5D1F7 /* upload-file.json */; };
		EDC4065C20D9ABE900A5D1F7 /* failed-request-example.json in Resources */ = {isa = PBXBuildFile; fileRef = EDC4065220D9ABE800A5D1F7 /* failed-request-example.json */; };
		EDC4065D20D9ABE900A5D1F7 /* failed-request-example.json in Resources */ = {isa = PBXBuildFile; fileRef = EDC4065220D9ABE800A5D1F7 /* failed-request-example.json */; };
		EDC4065E20D9ABE900A5D1F7 /* failed-request-example.json in Resources */ = {isa = PBXBuildFile; fileRef = EDC4065220D9ABE800A5D1F7 /* failed-request-example.json */; };
		EDC4065F20D9ABE900A5D1F7 /* multiple.json in Resources */ = {isa = PBXBuildFile; fileRef = EDC4065320D9ABE800A5D1F7 /* multiple.json */; };
		EDC4066020D9ABE900A5D1F7 /* multiple.json in Resources */ = {isa = PBXBuildFile; fileRef = EDC4065320D9ABE800A5D1F7 /* multiple.json */; };
		EDC4066120D9ABE900A5D1F7 /* multiple.json in Resources */ = {isa = PBXBuildFile; fileRef = EDC4065320D9ABE800A5D1F7 /* multiple.json */; };
		EDC4066220D9ABE900A5D1F7 /* example.json in Resources */ = {isa = PBXBuildFile; fileRef = EDC4065420D9ABE800A5D1F7 /* example.json */; };
		EDC4066320D9ABE900A5D1F7 /* example.json in Resources */ = {isa = PBXBuildFile; fileRef = EDC4065420D9ABE800A5D1F7 /* example.json */; };
		EDC4066420D9ABE900A5D1F7 /* example.json in Resources */ = {isa = PBXBuildFile; fileRef = EDC4065420D9ABE800A5D1F7 /* example.json */; };
		EDC4066520D9ABE900A5D1F7 /* json-example.json in Resources */ = {isa = PBXBuildFile; fileRef = EDC4065520D9ABE800A5D1F7 /* json-example.json */; };
		EDC4066620D9ABE900A5D1F7 /* json-example.json in Resources */ = {isa = PBXBuildFile; fileRef = EDC4065520D9ABE800A5D1F7 /* json-example.json */; };
		EDC4066720D9ABE900A5D1F7 /* json-example.json in Resources */ = {isa = PBXBuildFile; fileRef = EDC4065520D9ABE800A5D1F7 /* json-example.json */; };
		EDC4066820D9ABE900A5D1F7 /* testfile.txt in Resources */ = {isa = PBXBuildFile; fileRef = EDC4065620D9ABE800A5D1F7 /* testfile.txt */; };
		EDC4066920D9ABE900A5D1F7 /* testfile.txt in Resources */ = {isa = PBXBuildFile; fileRef = EDC4065620D9ABE800A5D1F7 /* testfile.txt */; };
		EDC4066A20D9ABE900A5D1F7 /* testfile.txt in Resources */ = {isa = PBXBuildFile; fileRef = EDC4065620D9ABE800A5D1F7 /* testfile.txt */; };
		EDC4066B20D9ABE900A5D1F7 /* text.json in Resources */ = {isa = PBXBuildFile; fileRef = EDC4065720D9ABE800A5D1F7 /* text.json */; };
		EDC4066C20D9ABE900A5D1F7 /* text.json in Resources */ = {isa = PBXBuildFile; fileRef = EDC4065720D9ABE800A5D1F7 /* text.json */; };
		EDC4066D20D9ABE900A5D1F7 /* text.json in Resources */ = {isa = PBXBuildFile; fileRef = EDC4065720D9ABE800A5D1F7 /* text.json */; };
		EDC4066E20D9ABE900A5D1F7 /* upload-data.json in Resources */ = {isa = PBXBuildFile; fileRef = EDC4065820D9ABE800A5D1F7 /* upload-data.json */; };
		EDC4066F20D9ABE900A5D1F7 /* upload-data.json in Resources */ = {isa = PBXBuildFile; fileRef = EDC4065820D9ABE800A5D1F7 /* upload-data.json */; };
		EDC4067020D9ABE900A5D1F7 /* upload-data.json in Resources */ = {isa = PBXBuildFile; fileRef = EDC4065820D9ABE800A5D1F7 /* upload-data.json */; };
/* End PBXBuildFile section */

/* Begin PBXContainerItemProxy section */
		2104F5381DC658590039CA14 /* PBXContainerItemProxy */ = {
			isa = PBXContainerItemProxy;
			containerPortal = 3647AF921B335D5500EF10D4 /* Project object */;
			proxyType = 1;
			remoteGlobalIDString = 2104F52D1DC658580039CA14;
			remoteInfo = "DVR-tvOS";
		};
		3647AFA71B335D5500EF10D4 /* PBXContainerItemProxy */ = {
			isa = PBXContainerItemProxy;
			containerPortal = 3647AF921B335D5500EF10D4 /* Project object */;
			proxyType = 1;
			remoteGlobalIDString = 3647AF9A1B335D5500EF10D4;
			remoteInfo = DVR;
		};
		3690A0861B33AA3C00731222 /* PBXContainerItemProxy */ = {
			isa = PBXContainerItemProxy;
			containerPortal = 3647AF921B335D5500EF10D4 /* Project object */;
			proxyType = 1;
			remoteGlobalIDString = 3690A07A1B33AA3B00731222;
			remoteInfo = "DVR-OSX";
		};
/* End PBXContainerItemProxy section */

/* Begin PBXFileReference section */
		2104F52E1DC658580039CA14 /* DVR.framework */ = {isa = PBXFileReference; explicitFileType = wrapper.framework; includeInIndex = 0; path = DVR.framework; sourceTree = BUILT_PRODUCTS_DIR; };
		2104F5361DC658590039CA14 /* DVRTests.xctest */ = {isa = PBXFileReference; explicitFileType = wrapper.cfbundle; includeInIndex = 0; path = DVRTests.xctest; sourceTree = BUILT_PRODUCTS_DIR; };
		360F5F721B5C907A001AADD1 /* SessionDownloadTask.swift */ = {isa = PBXFileReference; fileEncoding = 4; lastKnownFileType = sourcecode.swift; path = SessionDownloadTask.swift; sourceTree = "<group>"; };
		3647AF9B1B335D5500EF10D4 /* DVR.framework */ = {isa = PBXFileReference; explicitFileType = wrapper.framework; includeInIndex = 0; path = DVR.framework; sourceTree = BUILT_PRODUCTS_DIR; };
		3647AF9E1B335D5500EF10D4 /* DVR.h */ = {isa = PBXFileReference; lastKnownFileType = sourcecode.c.h; path = DVR.h; sourceTree = "<group>"; };
		3647AFA51B335D5500EF10D4 /* DVRTests-iOS.xctest */ = {isa = PBXFileReference; explicitFileType = wrapper.cfbundle; includeInIndex = 0; path = "DVRTests-iOS.xctest"; sourceTree = BUILT_PRODUCTS_DIR; };
		3647AFB51B335E4A00EF10D4 /* Cassette.swift */ = {isa = PBXFileReference; fileEncoding = 4; lastKnownFileType = sourcecode.swift; path = Cassette.swift; sourceTree = "<group>"; };
		3647AFB61B335E4A00EF10D4 /* Interaction.swift */ = {isa = PBXFileReference; fileEncoding = 4; lastKnownFileType = sourcecode.swift; path = Interaction.swift; sourceTree = "<group>"; };
		3647AFB71B335E4A00EF10D4 /* URLRequest.swift */ = {isa = PBXFileReference; fileEncoding = 4; lastKnownFileType = sourcecode.swift; path = URLRequest.swift; sourceTree = "<group>"; };
		3647AFB81B335E4A00EF10D4 /* Session.swift */ = {isa = PBXFileReference; fileEncoding = 4; lastKnownFileType = sourcecode.swift; path = Session.swift; sourceTree = "<group>"; };
		3647AFB91B335E4A00EF10D4 /* SessionDataTask.swift */ = {isa = PBXFileReference; fileEncoding = 4; lastKnownFileType = sourcecode.swift; path = SessionDataTask.swift; sourceTree = "<group>"; };
		3647AFBF1B33602A00EF10D4 /* URLResponse.swift */ = {isa = PBXFileReference; fileEncoding = 4; lastKnownFileType = sourcecode.swift; path = URLResponse.swift; sourceTree = "<group>"; };
		3647AFC11B3363C400EF10D4 /* HTTPURLResponse.swift */ = {isa = PBXFileReference; fileEncoding = 4; lastKnownFileType = sourcecode.swift; path = HTTPURLResponse.swift; sourceTree = "<group>"; };
		3647AFC81B33688A00EF10D4 /* Info.plist */ = {isa = PBXFileReference; fileEncoding = 4; lastKnownFileType = text.plist.xml; path = Info.plist; sourceTree = "<group>"; };
		3690A07B1B33AA3B00731222 /* DVR.framework */ = {isa = PBXFileReference; explicitFileType = wrapper.framework; includeInIndex = 0; path = DVR.framework; sourceTree = BUILT_PRODUCTS_DIR; };
		3690A0841B33AA3C00731222 /* DVRTests-macOS.xctest */ = {isa = PBXFileReference; explicitFileType = wrapper.cfbundle; includeInIndex = 0; path = "DVRTests-macOS.xctest"; sourceTree = BUILT_PRODUCTS_DIR; };
		B19D62641CB1860400E16D11 /* SessionUploadTask.swift */ = {isa = PBXFileReference; fileEncoding = 4; lastKnownFileType = sourcecode.swift; path = SessionUploadTask.swift; sourceTree = "<group>"; };
		ED78627F1F7D42B700CB2625 /* SessionTests.swift */ = {isa = PBXFileReference; fileEncoding = 4; lastKnownFileType = sourcecode.swift; path = SessionTests.swift; sourceTree = "<group>"; };
		ED7862811F7D42B800CB2625 /* Info.plist */ = {isa = PBXFileReference; fileEncoding = 4; lastKnownFileType = text.plist.xml; path = Info.plist; sourceTree = "<group>"; };
		ED7862821F7D42B800CB2625 /* SessionUploadTests.swift */ = {isa = PBXFileReference; fileEncoding = 4; lastKnownFileType = sourcecode.swift; path = SessionUploadTests.swift; sourceTree = "<group>"; };
		ED7862911F7D44E200CB2625 /* example.json */ = {isa = PBXFileReference; fileEncoding = 4; lastKnownFileType = text.json; path = example.json; sourceTree = "<group>"; };
		ED7862921F7D44E200CB2625 /* testfile.txt */ = {isa = PBXFileReference; fileEncoding = 4; lastKnownFileType = text; path = testfile.txt; sourceTree = "<group>"; };
		ED7862931F7D44E200CB2625 /* upload-file.json */ = {isa = PBXFileReference; fileEncoding = 4; lastKnownFileType = text.json; path = "upload-file.json"; sourceTree = "<group>"; };
		ED7862941F7D44E200CB2625 /* upload-data.json */ = {isa = PBXFileReference; fileEncoding = 4; lastKnownFileType = text.json; path = "upload-data.json"; sourceTree = "<group>"; };
		ED7862951F7D44E200CB2625 /* multiple.json */ = {isa = PBXFileReference; fileEncoding = 4; lastKnownFileType = text.json; path = multiple.json; sourceTree = "<group>"; };
		ED7862961F7D44E200CB2625 /* text.json */ = {isa = PBXFileReference; fileEncoding = 4; lastKnownFileType = text.json; path = text.json; sourceTree = "<group>"; };
		ED7862971F7D44E200CB2625 /* json-example.json */ = {isa = PBXFileReference; fileEncoding = 4; lastKnownFileType = text.json; path = "json-example.json"; sourceTree = "<group>"; };
		EDC4065120D9ABE800A5D1F7 /* upload-file.json */ = {isa = PBXFileReference; fileEncoding = 4; lastKnownFileType = text.json; path = "upload-file.json"; sourceTree = "<group>"; };
		EDC4065220D9ABE800A5D1F7 /* failed-request-example.json */ = {isa = PBXFileReference; fileEncoding = 4; lastKnownFileType = text.json; path = "failed-request-example.json"; sourceTree = "<group>"; };
		EDC4065320D9ABE800A5D1F7 /* multiple.json */ = {isa = PBXFileReference; fileEncoding = 4; lastKnownFileType = text.json; path = multiple.json; sourceTree = "<group>"; };
		EDC4065420D9ABE800A5D1F7 /* example.json */ = {isa = PBXFileReference; fileEncoding = 4; lastKnownFileType = text.json; path = example.json; sourceTree = "<group>"; };
		EDC4065520D9ABE800A5D1F7 /* json-example.json */ = {isa = PBXFileReference; fileEncoding = 4; lastKnownFileType = text.json; path = "json-example.json"; sourceTree = "<group>"; };
		EDC4065620D9ABE800A5D1F7 /* testfile.txt */ = {isa = PBXFileReference; fileEncoding = 4; lastKnownFileType = text; path = testfile.txt; sourceTree = "<group>"; };
		EDC4065720D9ABE800A5D1F7 /* text.json */ = {isa = PBXFileReference; fileEncoding = 4; lastKnownFileType = text.json; path = text.json; sourceTree = "<group>"; };
		EDC4065820D9ABE800A5D1F7 /* upload-data.json */ = {isa = PBXFileReference; fileEncoding = 4; lastKnownFileType = text.json; path = "upload-data.json"; sourceTree = "<group>"; };
/* End PBXFileReference section */

/* Begin PBXFrameworksBuildPhase section */
		2104F52A1DC658580039CA14 /* Frameworks */ = {
			isa = PBXFrameworksBuildPhase;
			buildActionMask = 2147483647;
			files = (
			);
			runOnlyForDeploymentPostprocessing = 0;
		};
		2104F5331DC658590039CA14 /* Frameworks */ = {
			isa = PBXFrameworksBuildPhase;
			buildActionMask = 2147483647;
			files = (
			);
			runOnlyForDeploymentPostprocessing = 0;
		};
		3647AF971B335D5500EF10D4 /* Frameworks */ = {
			isa = PBXFrameworksBuildPhase;
			buildActionMask = 2147483647;
			files = (
			);
			runOnlyForDeploymentPostprocessing = 0;
		};
		3647AFA21B335D5500EF10D4 /* Frameworks */ = {
			isa = PBXFrameworksBuildPhase;
			buildActionMask = 2147483647;
			files = (
			);
			runOnlyForDeploymentPostprocessing = 0;
		};
		3690A0771B33AA3B00731222 /* Frameworks */ = {
			isa = PBXFrameworksBuildPhase;
			buildActionMask = 2147483647;
			files = (
			);
			runOnlyForDeploymentPostprocessing = 0;
		};
		3690A0811B33AA3C00731222 /* Frameworks */ = {
			isa = PBXFrameworksBuildPhase;
			buildActionMask = 2147483647;
			files = (
			);
			runOnlyForDeploymentPostprocessing = 0;
		};
/* End PBXFrameworksBuildPhase section */

/* Begin PBXGroup section */
		3647AF911B335D5500EF10D4 = {
			isa = PBXGroup;
			children = (
				ED78627B1F7D41DE00CB2625 /* Sources */,
				ED78627D1F7D427800CB2625 /* Tests */,
				3647AF9C1B335D5500EF10D4 /* Products */,
			);
			sourceTree = "<group>";
		};
		3647AF9C1B335D5500EF10D4 /* Products */ = {
			isa = PBXGroup;
			children = (
				3647AF9B1B335D5500EF10D4 /* DVR.framework */,
				3647AFA51B335D5500EF10D4 /* DVRTests-iOS.xctest */,
				3690A07B1B33AA3B00731222 /* DVR.framework */,
				3690A0841B33AA3C00731222 /* DVRTests-macOS.xctest */,
				2104F52E1DC658580039CA14 /* DVR.framework */,
				2104F5361DC658590039CA14 /* DVRTests.xctest */,
			);
			name = Products;
			sourceTree = "<group>";
		};
		3647AF9D1B335D5500EF10D4 /* DVR */ = {
			isa = PBXGroup;
			children = (
				3647AF9E1B335D5500EF10D4 /* DVR.h */,
				3647AFB81B335E4A00EF10D4 /* Session.swift */,
				3647AFB91B335E4A00EF10D4 /* SessionDataTask.swift */,
				360F5F721B5C907A001AADD1 /* SessionDownloadTask.swift */,
				B19D62641CB1860400E16D11 /* SessionUploadTask.swift */,
				3647AFB51B335E4A00EF10D4 /* Cassette.swift */,
				3647AFB61B335E4A00EF10D4 /* Interaction.swift */,
				3647AFB71B335E4A00EF10D4 /* URLRequest.swift */,
				3647AFBF1B33602A00EF10D4 /* URLResponse.swift */,
				3647AFC11B3363C400EF10D4 /* HTTPURLResponse.swift */,
				3647AFC71B33688A00EF10D4 /* Resources */,
			);
			path = DVR;
			sourceTree = "<group>";
		};
		3647AFC71B33688A00EF10D4 /* Resources */ = {
			isa = PBXGroup;
			children = (
				3647AFC81B33688A00EF10D4 /* Info.plist */,
			);
			path = Resources;
			sourceTree = "<group>";
		};
		ED78627B1F7D41DE00CB2625 /* Sources */ = {
			isa = PBXGroup;
			children = (
				3647AF9D1B335D5500EF10D4 /* DVR */,
			);
			path = Sources;
			sourceTree = "<group>";
		};
		ED78627D1F7D427800CB2625 /* Tests */ = {
			isa = PBXGroup;
			children = (
				ED78627E1F7D42A100CB2625 /* DVRTests */,
			);
			path = Tests;
			sourceTree = "<group>";
		};
		ED78627E1F7D42A100CB2625 /* DVRTests */ = {
			isa = PBXGroup;
			children = (
				ED7862901F7D44D100CB2625 /* Fixtures */,
				ED7862811F7D42B800CB2625 /* Info.plist */,
				ED78627F1F7D42B700CB2625 /* SessionTests.swift */,
				ED7862821F7D42B800CB2625 /* SessionUploadTests.swift */,
			);
			path = DVRTests;
			sourceTree = "<group>";
		};
		ED7862901F7D44D100CB2625 /* Fixtures */ = {
			isa = PBXGroup;
			children = (
				EDC4065020D9ABE800A5D1F7 /* Fixtures */,
				ED7862911F7D44E200CB2625 /* example.json */,
				ED7862971F7D44E200CB2625 /* json-example.json */,
				ED7862951F7D44E200CB2625 /* multiple.json */,
				ED7862921F7D44E200CB2625 /* testfile.txt */,
				ED7862961F7D44E200CB2625 /* text.json */,
				ED7862941F7D44E200CB2625 /* upload-data.json */,
				ED7862931F7D44E200CB2625 /* upload-file.json */,
			);
			path = Fixtures;
			sourceTree = "<group>";
		};
		EDC4065020D9ABE800A5D1F7 /* Fixtures */ = {
			isa = PBXGroup;
			children = (
				EDC4065120D9ABE800A5D1F7 /* upload-file.json */,
				EDC4065220D9ABE800A5D1F7 /* failed-request-example.json */,
				EDC4065320D9ABE800A5D1F7 /* multiple.json */,
				EDC4065420D9ABE800A5D1F7 /* example.json */,
				EDC4065520D9ABE800A5D1F7 /* json-example.json */,
				EDC4065620D9ABE800A5D1F7 /* testfile.txt */,
				EDC4065720D9ABE800A5D1F7 /* text.json */,
				EDC4065820D9ABE800A5D1F7 /* upload-data.json */,
			);
			name = Fixtures;
			sourceTree = "<group>";
		};
/* End PBXGroup section */

/* Begin PBXHeadersBuildPhase section */
		2104F52B1DC658580039CA14 /* Headers */ = {
			isa = PBXHeadersBuildPhase;
			buildActionMask = 2147483647;
			files = (
				2104F5451DC658A20039CA14 /* DVR.h in Headers */,
			);
			runOnlyForDeploymentPostprocessing = 0;
		};
		3647AF981B335D5500EF10D4 /* Headers */ = {
			isa = PBXHeadersBuildPhase;
			buildActionMask = 2147483647;
			files = (
				3647AF9F1B335D5500EF10D4 /* DVR.h in Headers */,
			);
			runOnlyForDeploymentPostprocessing = 0;
		};
		3690A0781B33AA3B00731222 /* Headers */ = {
			isa = PBXHeadersBuildPhase;
			buildActionMask = 2147483647;
			files = (
				3690A0921B33AA9400731222 /* DVR.h in Headers */,
			);
			runOnlyForDeploymentPostprocessing = 0;
		};
/* End PBXHeadersBuildPhase section */

/* Begin PBXNativeTarget section */
		2104F52D1DC658580039CA14 /* DVR-tvOS */ = {
			isa = PBXNativeTarget;
			buildConfigurationList = 2104F53F1DC658590039CA14 /* Build configuration list for PBXNativeTarget "DVR-tvOS" */;
			buildPhases = (
				2104F5291DC658580039CA14 /* Sources */,
				2104F52A1DC658580039CA14 /* Frameworks */,
				2104F52B1DC658580039CA14 /* Headers */,
				2104F52C1DC658580039CA14 /* Resources */,
			);
			buildRules = (
			);
			dependencies = (
			);
			name = "DVR-tvOS";
			productName = "DVR-tvOS";
			productReference = 2104F52E1DC658580039CA14 /* DVR.framework */;
			productType = "com.apple.product-type.framework";
		};
		2104F5351DC658590039CA14 /* DVRTests-tvOS */ = {
			isa = PBXNativeTarget;
			buildConfigurationList = 2104F5421DC658590039CA14 /* Build configuration list for PBXNativeTarget "DVRTests-tvOS" */;
			buildPhases = (
				2104F5321DC658590039CA14 /* Sources */,
				2104F5331DC658590039CA14 /* Frameworks */,
				2104F5341DC658590039CA14 /* Resources */,
			);
			buildRules = (
			);
			dependencies = (
				2104F5391DC658590039CA14 /* PBXTargetDependency */,
			);
			name = "DVRTests-tvOS";
			productName = "DVR-tvOSTests";
			productReference = 2104F5361DC658590039CA14 /* DVRTests.xctest */;
			productType = "com.apple.product-type.bundle.unit-test";
		};
		3647AF9A1B335D5500EF10D4 /* DVR-iOS */ = {
			isa = PBXNativeTarget;
			buildConfigurationList = 3647AFAF1B335D5500EF10D4 /* Build configuration list for PBXNativeTarget "DVR-iOS" */;
			buildPhases = (
				3647AF961B335D5500EF10D4 /* Sources */,
				3647AF971B335D5500EF10D4 /* Frameworks */,
				3647AF981B335D5500EF10D4 /* Headers */,
				3647AF991B335D5500EF10D4 /* Resources */,
			);
			buildRules = (
			);
			dependencies = (
			);
			name = "DVR-iOS";
			productName = DVR;
			productReference = 3647AF9B1B335D5500EF10D4 /* DVR.framework */;
			productType = "com.apple.product-type.framework";
		};
		3647AFA41B335D5500EF10D4 /* DVRTests-iOS */ = {
			isa = PBXNativeTarget;
			buildConfigurationList = 3647AFB21B335D5500EF10D4 /* Build configuration list for PBXNativeTarget "DVRTests-iOS" */;
			buildPhases = (
				3647AFA11B335D5500EF10D4 /* Sources */,
				3647AFA21B335D5500EF10D4 /* Frameworks */,
				3647AFA31B335D5500EF10D4 /* Resources */,
			);
			buildRules = (
			);
			dependencies = (
				3647AFA81B335D5500EF10D4 /* PBXTargetDependency */,
			);
			name = "DVRTests-iOS";
			productName = DVRTests;
			productReference = 3647AFA51B335D5500EF10D4 /* DVRTests-iOS.xctest */;
			productType = "com.apple.product-type.bundle.unit-test";
		};
		3690A07A1B33AA3B00731222 /* DVR-macOS */ = {
			isa = PBXNativeTarget;
			buildConfigurationList = 3690A08C1B33AA3C00731222 /* Build configuration list for PBXNativeTarget "DVR-macOS" */;
			buildPhases = (
				3690A0761B33AA3B00731222 /* Sources */,
				3690A0771B33AA3B00731222 /* Frameworks */,
				3690A0781B33AA3B00731222 /* Headers */,
				3690A0791B33AA3B00731222 /* Resources */,
			);
			buildRules = (
			);
			dependencies = (
			);
			name = "DVR-macOS";
			productName = "DVR-OSX";
			productReference = 3690A07B1B33AA3B00731222 /* DVR.framework */;
			productType = "com.apple.product-type.framework";
		};
		3690A0831B33AA3C00731222 /* DVRTests-macOS */ = {
			isa = PBXNativeTarget;
			buildConfigurationList = 3690A08F1B33AA3C00731222 /* Build configuration list for PBXNativeTarget "DVRTests-macOS" */;
			buildPhases = (
				3690A0801B33AA3C00731222 /* Sources */,
				3690A0811B33AA3C00731222 /* Frameworks */,
				3690A0821B33AA3C00731222 /* Resources */,
			);
			buildRules = (
			);
			dependencies = (
				3690A0871B33AA3C00731222 /* PBXTargetDependency */,
			);
			name = "DVRTests-macOS";
			productName = "DVR-OSXTests";
			productReference = 3690A0841B33AA3C00731222 /* DVRTests-macOS.xctest */;
			productType = "com.apple.product-type.bundle.unit-test";
		};
/* End PBXNativeTarget section */

/* Begin PBXProject section */
		3647AF921B335D5500EF10D4 /* Project object */ = {
			isa = PBXProject;
			attributes = {
				LastSwiftUpdateCheck = 0810;
				LastUpgradeCheck = 0940;
				ORGANIZATIONNAME = Venmo;
				TargetAttributes = {
					2104F52D1DC658580039CA14 = {
						CreatedOnToolsVersion = 8.1;
						ProvisioningStyle = Automatic;
					};
					2104F5351DC658590039CA14 = {
						CreatedOnToolsVersion = 8.1;
						ProvisioningStyle = Automatic;
					};
					3647AF9A1B335D5500EF10D4 = {
						CreatedOnToolsVersion = 7.0;
						LastSwiftMigration = 0900;
					};
					3647AFA41B335D5500EF10D4 = {
						CreatedOnToolsVersion = 7.0;
						LastSwiftMigration = 0900;
					};
					3690A07A1B33AA3B00731222 = {
						CreatedOnToolsVersion = 7.0;
						LastSwiftMigration = 0900;
					};
					3690A0831B33AA3C00731222 = {
						CreatedOnToolsVersion = 7.0;
						LastSwiftMigration = 0900;
					};
				};
			};
			buildConfigurationList = 3647AF951B335D5500EF10D4 /* Build configuration list for PBXProject "DVR" */;
			compatibilityVersion = "Xcode 3.2";
			developmentRegion = English;
			hasScannedForEncodings = 0;
			knownRegions = (
				en,
			);
			mainGroup = 3647AF911B335D5500EF10D4;
			productRefGroup = 3647AF9C1B335D5500EF10D4 /* Products */;
			projectDirPath = "";
			projectRoot = "";
			targets = (
				3647AF9A1B335D5500EF10D4 /* DVR-iOS */,
				3647AFA41B335D5500EF10D4 /* DVRTests-iOS */,
				3690A07A1B33AA3B00731222 /* DVR-macOS */,
				3690A0831B33AA3C00731222 /* DVRTests-macOS */,
				2104F52D1DC658580039CA14 /* DVR-tvOS */,
				2104F5351DC658590039CA14 /* DVRTests-tvOS */,
			);
		};
/* End PBXProject section */

/* Begin PBXResourcesBuildPhase section */
		2104F52C1DC658580039CA14 /* Resources */ = {
			isa = PBXResourcesBuildPhase;
			buildActionMask = 2147483647;
			files = (
			);
			runOnlyForDeploymentPostprocessing = 0;
		};
		2104F5341DC658590039CA14 /* Resources */ = {
			isa = PBXResourcesBuildPhase;
			buildActionMask = 2147483647;
			files = (
				EDC4066720D9ABE900A5D1F7 /* json-example.json in Resources */,
				ED7862AE1F7D44EB00CB2625 /* json-example.json in Resources */,
				EDC4066D20D9ABE900A5D1F7 /* text.json in Resources */,
				ED7862AD1F7D44EB00CB2625 /* example.json in Resources */,
				EDC4065B20D9ABE900A5D1F7 /* upload-file.json in Resources */,
				EDC4066A20D9ABE900A5D1F7 /* testfile.txt in Resources */,
				ED7862B21F7D44EB00CB2625 /* upload-data.json in Resources */,
				ED7862B31F7D44EB00CB2625 /* upload-file.json in Resources */,
				EDC4066420D9ABE900A5D1F7 /* example.json in Resources */,
				EDC4066120D9ABE900A5D1F7 /* multiple.json in Resources */,
				ED7862B11F7D44EB00CB2625 /* text.json in Resources */,
				EDC4067020D9ABE900A5D1F7 /* upload-data.json in Resources */,
				ED7862B01F7D44EB00CB2625 /* testfile.txt in Resources */,
				ED7862AF1F7D44EB00CB2625 /* multiple.json in Resources */,
				EDC4065E20D9ABE900A5D1F7 /* failed-request-example.json in Resources */,
			);
			runOnlyForDeploymentPostprocessing = 0;
		};
		3647AF991B335D5500EF10D4 /* Resources */ = {
			isa = PBXResourcesBuildPhase;
			buildActionMask = 2147483647;
			files = (
				ED7862851F7D42B800CB2625 /* Info.plist in Resources */,
			);
			runOnlyForDeploymentPostprocessing = 0;
		};
		3647AFA31B335D5500EF10D4 /* Resources */ = {
			isa = PBXResourcesBuildPhase;
			buildActionMask = 2147483647;
			files = (
				EDC4066520D9ABE900A5D1F7 /* json-example.json in Resources */,
				ED7862A01F7D44EA00CB2625 /* json-example.json in Resources */,
				EDC4066B20D9ABE900A5D1F7 /* text.json in Resources */,
				ED78629F1F7D44EA00CB2625 /* example.json in Resources */,
				EDC4065920D9ABE900A5D1F7 /* upload-file.json in Resources */,
				EDC4066820D9ABE900A5D1F7 /* testfile.txt in Resources */,
				ED7862A41F7D44EA00CB2625 /* upload-data.json in Resources */,
				ED7862A51F7D44EA00CB2625 /* upload-file.json in Resources */,
				EDC4066220D9ABE900A5D1F7 /* example.json in Resources */,
				EDC4065F20D9ABE900A5D1F7 /* multiple.json in Resources */,
				ED7862A31F7D44EA00CB2625 /* text.json in Resources */,
				EDC4066E20D9ABE900A5D1F7 /* upload-data.json in Resources */,
				ED7862A21F7D44EA00CB2625 /* testfile.txt in Resources */,
				ED7862A11F7D44EA00CB2625 /* multiple.json in Resources */,
				EDC4065C20D9ABE900A5D1F7 /* failed-request-example.json in Resources */,
			);
			runOnlyForDeploymentPostprocessing = 0;
		};
		3690A0791B33AA3B00731222 /* Resources */ = {
			isa = PBXResourcesBuildPhase;
			buildActionMask = 2147483647;
			files = (
			);
			runOnlyForDeploymentPostprocessing = 0;
		};
		3690A0821B33AA3C00731222 /* Resources */ = {
			isa = PBXResourcesBuildPhase;
			buildActionMask = 2147483647;
			files = (
				EDC4066620D9ABE900A5D1F7 /* json-example.json in Resources */,
				ED7862A71F7D44EB00CB2625 /* json-example.json in Resources */,
				EDC4066C20D9ABE900A5D1F7 /* text.json in Resources */,
				ED7862A61F7D44EB00CB2625 /* example.json in Resources */,
				EDC4065A20D9ABE900A5D1F7 /* upload-file.json in Resources */,
				EDC4066920D9ABE900A5D1F7 /* testfile.txt in Resources */,
				ED7862AB1F7D44EB00CB2625 /* upload-data.json in Resources */,
				ED7862AC1F7D44EB00CB2625 /* upload-file.json in Resources */,
				EDC4066320D9ABE900A5D1F7 /* example.json in Resources */,
				EDC4066020D9ABE900A5D1F7 /* multiple.json in Resources */,
				ED7862AA1F7D44EB00CB2625 /* text.json in Resources */,
				EDC4066F20D9ABE900A5D1F7 /* upload-data.json in Resources */,
				ED7862A91F7D44EB00CB2625 /* testfile.txt in Resources */,
				ED7862A81F7D44EB00CB2625 /* multiple.json in Resources */,
				EDC4065D20D9ABE900A5D1F7 /* failed-request-example.json in Resources */,
			);
			runOnlyForDeploymentPostprocessing = 0;
		};
/* End PBXResourcesBuildPhase section */

/* Begin PBXSourcesBuildPhase section */
		2104F5291DC658580039CA14 /* Sources */ = {
			isa = PBXSourcesBuildPhase;
			buildActionMask = 2147483647;
			files = (
				2104F54B1DC658A60039CA14 /* Interaction.swift in Sources */,
				2104F54C1DC658A60039CA14 /* URLRequest.swift in Sources */,
				2104F5461DC658A60039CA14 /* Session.swift in Sources */,
				2104F54A1DC658A60039CA14 /* Cassette.swift in Sources */,
				2104F5481DC658A60039CA14 /* SessionDownloadTask.swift in Sources */,
				2104F54E1DC658A60039CA14 /* HTTPURLResponse.swift in Sources */,
				2104F5491DC658A60039CA14 /* SessionUploadTask.swift in Sources */,
				2104F54D1DC658A60039CA14 /* URLResponse.swift in Sources */,
				2104F5471DC658A60039CA14 /* SessionDataTask.swift in Sources */,
			);
			runOnlyForDeploymentPostprocessing = 0;
		};
		2104F5321DC658590039CA14 /* Sources */ = {
			isa = PBXSourcesBuildPhase;
			buildActionMask = 2147483647;
			files = (
				ED78628A1F7D42C700CB2625 /* SessionTests.swift in Sources */,
				ED7862871F7D42C200CB2625 /* SessionUploadTests.swift in Sources */,
			);
			runOnlyForDeploymentPostprocessing = 0;
		};
		3647AF961B335D5500EF10D4 /* Sources */ = {
			isa = PBXSourcesBuildPhase;
			buildActionMask = 2147483647;
			files = (
				3647AFC01B33602A00EF10D4 /* URLResponse.swift in Sources */,
				B19D62651CB1860400E16D11 /* SessionUploadTask.swift in Sources */,
				3647AFBE1B335E4A00EF10D4 /* SessionDataTask.swift in Sources */,
				3647AFBD1B335E4A00EF10D4 /* Session.swift in Sources */,
				360F5F731B5C907A001AADD1 /* SessionDownloadTask.swift in Sources */,
				3647AFBC1B335E4A00EF10D4 /* URLRequest.swift in Sources */,
				3647AFBB1B335E4A00EF10D4 /* Interaction.swift in Sources */,
				3647AFBA1B335E4A00EF10D4 /* Cassette.swift in Sources */,
				3647AFC21B3363C400EF10D4 /* HTTPURLResponse.swift in Sources */,
			);
			runOnlyForDeploymentPostprocessing = 0;
		};
		3647AFA11B335D5500EF10D4 /* Sources */ = {
			isa = PBXSourcesBuildPhase;
			buildActionMask = 2147483647;
			files = (
				ED78628C1F7D42C800CB2625 /* SessionTests.swift in Sources */,
				ED7862891F7D42C300CB2625 /* SessionUploadTests.swift in Sources */,
			);
			runOnlyForDeploymentPostprocessing = 0;
		};
		3690A0761B33AA3B00731222 /* Sources */ = {
			isa = PBXSourcesBuildPhase;
			buildActionMask = 2147483647;
			files = (
				3690A0961B33AA9400731222 /* Interaction.swift in Sources */,
				26D1E4181D1C30D500A20B76 /* SessionUploadTask.swift in Sources */,
				3690A0951B33AA9400731222 /* Cassette.swift in Sources */,
				3690A0981B33AA9400731222 /* URLResponse.swift in Sources */,
				360F5F751B5C907A001AADD1 /* SessionDownloadTask.swift in Sources */,
				3690A0931B33AA9400731222 /* Session.swift in Sources */,
				3690A0941B33AA9400731222 /* SessionDataTask.swift in Sources */,
				3690A0971B33AA9400731222 /* URLRequest.swift in Sources */,
				3690A0991B33AA9400731222 /* HTTPURLResponse.swift in Sources */,
			);
			runOnlyForDeploymentPostprocessing = 0;
		};
		3690A0801B33AA3C00731222 /* Sources */ = {
			isa = PBXSourcesBuildPhase;
			buildActionMask = 2147483647;
			files = (
				ED78628B1F7D42C700CB2625 /* SessionTests.swift in Sources */,
				ED7862881F7D42C200CB2625 /* SessionUploadTests.swift in Sources */,
			);
			runOnlyForDeploymentPostprocessing = 0;
		};
/* End PBXSourcesBuildPhase section */

/* Begin PBXTargetDependency section */
		2104F5391DC658590039CA14 /* PBXTargetDependency */ = {
			isa = PBXTargetDependency;
			target = 2104F52D1DC658580039CA14 /* DVR-tvOS */;
			targetProxy = 2104F5381DC658590039CA14 /* PBXContainerItemProxy */;
		};
		3647AFA81B335D5500EF10D4 /* PBXTargetDependency */ = {
			isa = PBXTargetDependency;
			target = 3647AF9A1B335D5500EF10D4 /* DVR-iOS */;
			targetProxy = 3647AFA71B335D5500EF10D4 /* PBXContainerItemProxy */;
		};
		3690A0871B33AA3C00731222 /* PBXTargetDependency */ = {
			isa = PBXTargetDependency;
			target = 3690A07A1B33AA3B00731222 /* DVR-macOS */;
			targetProxy = 3690A0861B33AA3C00731222 /* PBXContainerItemProxy */;
		};
/* End PBXTargetDependency section */

/* Begin XCBuildConfiguration section */
		2104F5401DC658590039CA14 /* Debug */ = {
			isa = XCBuildConfiguration;
			buildSettings = {
				CLANG_ANALYZER_NONNULL = YES;
				CLANG_WARN_DOCUMENTATION_COMMENTS = YES;
				CLANG_WARN_SUSPICIOUS_MOVES = YES;
				CODE_SIGN_IDENTITY = "";
				DEFINES_MODULE = YES;
				DYLIB_COMPATIBILITY_VERSION = 1;
				DYLIB_CURRENT_VERSION = 1;
				DYLIB_INSTALL_NAME_BASE = "@rpath";
				INFOPLIST_FILE = "$(SRCROOT)/Sources/DVR/Resources/Info.plist";
				INSTALL_PATH = "$(LOCAL_LIBRARY_DIR)/Frameworks";
				LD_RUNPATH_SEARCH_PATHS = "$(inherited) @executable_path/Frameworks @loader_path/Frameworks";
				PRODUCT_BUNDLE_IDENTIFIER = com.venmo.dvr;
				PRODUCT_NAME = DVR;
				SDKROOT = appletvos;
				SKIP_INSTALL = YES;
				SWIFT_ACTIVE_COMPILATION_CONDITIONS = DEBUG;
				TARGETED_DEVICE_FAMILY = 3;
			};
			name = Debug;
		};
		2104F5411DC658590039CA14 /* Release */ = {
			isa = XCBuildConfiguration;
			buildSettings = {
				CLANG_ANALYZER_NONNULL = YES;
				CLANG_WARN_DOCUMENTATION_COMMENTS = YES;
				CLANG_WARN_SUSPICIOUS_MOVES = YES;
				CODE_SIGN_IDENTITY = "";
				DEFINES_MODULE = YES;
				DYLIB_COMPATIBILITY_VERSION = 1;
				DYLIB_CURRENT_VERSION = 1;
				DYLIB_INSTALL_NAME_BASE = "@rpath";
				INFOPLIST_FILE = "$(SRCROOT)/Sources/DVR/Resources/Info.plist";
				INSTALL_PATH = "$(LOCAL_LIBRARY_DIR)/Frameworks";
				LD_RUNPATH_SEARCH_PATHS = "$(inherited) @executable_path/Frameworks @loader_path/Frameworks";
				PRODUCT_BUNDLE_IDENTIFIER = com.venmo.dvr;
				PRODUCT_NAME = DVR;
				SDKROOT = appletvos;
				SKIP_INSTALL = YES;
				TARGETED_DEVICE_FAMILY = 3;
			};
			name = Release;
		};
		2104F5431DC658590039CA14 /* Debug */ = {
			isa = XCBuildConfiguration;
			buildSettings = {
				ALWAYS_EMBED_SWIFT_STANDARD_LIBRARIES = YES;
				APPLICATION_EXTENSION_API_ONLY = NO;
				CLANG_ANALYZER_NONNULL = YES;
				CLANG_WARN_DOCUMENTATION_COMMENTS = YES;
				CLANG_WARN_SUSPICIOUS_MOVES = YES;
				INFOPLIST_FILE = "$(SRCROOT)/Tests/DVRTests/Info.plist";
				LD_RUNPATH_SEARCH_PATHS = "$(inherited) @executable_path/Frameworks @loader_path/Frameworks";
				PRODUCT_BUNDLE_IDENTIFIER = com.venmo.dvr.tests;
				PRODUCT_NAME = DVRTests;
				SDKROOT = appletvos;
				SWIFT_ACTIVE_COMPILATION_CONDITIONS = DEBUG;
			};
			name = Debug;
		};
		2104F5441DC658590039CA14 /* Release */ = {
			isa = XCBuildConfiguration;
			buildSettings = {
				ALWAYS_EMBED_SWIFT_STANDARD_LIBRARIES = YES;
				APPLICATION_EXTENSION_API_ONLY = NO;
				CLANG_ANALYZER_NONNULL = YES;
				CLANG_WARN_DOCUMENTATION_COMMENTS = YES;
				CLANG_WARN_SUSPICIOUS_MOVES = YES;
				INFOPLIST_FILE = "$(SRCROOT)/Tests/DVRTests/Info.plist";
				LD_RUNPATH_SEARCH_PATHS = "$(inherited) @executable_path/Frameworks @loader_path/Frameworks";
				PRODUCT_BUNDLE_IDENTIFIER = com.venmo.dvr.tests;
				PRODUCT_NAME = DVRTests;
				SDKROOT = appletvos;
			};
			name = Release;
		};
		3647AFAD1B335D5500EF10D4 /* Debug */ = {
			isa = XCBuildConfiguration;
			buildSettings = {
				ALWAYS_SEARCH_USER_PATHS = NO;
				APPLICATION_EXTENSION_API_ONLY = YES;
				CLANG_CXX_LANGUAGE_STANDARD = "gnu++0x";
				CLANG_CXX_LIBRARY = "libc++";
				CLANG_ENABLE_MODULES = YES;
				CLANG_ENABLE_OBJC_ARC = YES;
				CLANG_WARN_BLOCK_CAPTURE_AUTORELEASING = YES;
				CLANG_WARN_BOOL_CONVERSION = YES;
				CLANG_WARN_COMMA = YES;
				CLANG_WARN_CONSTANT_CONVERSION = YES;
				CLANG_WARN_DEPRECATED_OBJC_IMPLEMENTATIONS = YES;
				CLANG_WARN_DIRECT_OBJC_ISA_USAGE = YES_ERROR;
				CLANG_WARN_EMPTY_BODY = YES;
				CLANG_WARN_ENUM_CONVERSION = YES;
				CLANG_WARN_INFINITE_RECURSION = YES;
				CLANG_WARN_INT_CONVERSION = YES;
				CLANG_WARN_NON_LITERAL_NULL_CONVERSION = YES;
				CLANG_WARN_OBJC_IMPLICIT_RETAIN_SELF = YES;
				CLANG_WARN_OBJC_LITERAL_CONVERSION = YES;
				CLANG_WARN_OBJC_ROOT_CLASS = YES_ERROR;
				CLANG_WARN_RANGE_LOOP_ANALYSIS = YES;
				CLANG_WARN_STRICT_PROTOTYPES = YES;
				CLANG_WARN_SUSPICIOUS_MOVE = YES;
				CLANG_WARN_UNREACHABLE_CODE = YES;
				CLANG_WARN__DUPLICATE_METHOD_MATCH = YES;
				"CODE_SIGN_IDENTITY[sdk=iphoneos*]" = "iPhone Developer";
				COPY_PHASE_STRIP = NO;
				CURRENT_PROJECT_VERSION = 1;
				DEBUG_INFORMATION_FORMAT = dwarf;
				ENABLE_STRICT_OBJC_MSGSEND = YES;
				ENABLE_TESTABILITY = YES;
				GCC_C_LANGUAGE_STANDARD = gnu99;
				GCC_DYNAMIC_NO_PIC = NO;
				GCC_NO_COMMON_BLOCKS = YES;
				GCC_OPTIMIZATION_LEVEL = 0;
				GCC_PREPROCESSOR_DEFINITIONS = (
					"DEBUG=1",
					"$(inherited)",
				);
				GCC_WARN_64_TO_32_BIT_CONVERSION = YES;
				GCC_WARN_ABOUT_RETURN_TYPE = YES_ERROR;
				GCC_WARN_UNDECLARED_SELECTOR = YES;
				GCC_WARN_UNINITIALIZED_AUTOS = YES_AGGRESSIVE;
				GCC_WARN_UNUSED_FUNCTION = YES;
				GCC_WARN_UNUSED_VARIABLE = YES;
				IPHONEOS_DEPLOYMENT_TARGET = 8.0;
				MACOSX_DEPLOYMENT_TARGET = 10.9;
				MTL_ENABLE_DEBUG_INFO = YES;
				ONLY_ACTIVE_ARCH = YES;
				SDKROOT = iphoneos;
				SWIFT_OPTIMIZATION_LEVEL = "-Onone";
				SWIFT_SWIFT3_OBJC_INFERENCE = Off;
				SWIFT_VERSION = 4.0;
				TARGETED_DEVICE_FAMILY = "1,2";
				TVOS_DEPLOYMENT_TARGET = 9.0;
				VERSIONING_SYSTEM = "apple-generic";
				VERSION_INFO_PREFIX = "";
				WATCHOS_DEPLOYMENT_TARGET = 2.0;
			};
			name = Debug;
		};
		3647AFAE1B335D5500EF10D4 /* Release */ = {
			isa = XCBuildConfiguration;
			buildSettings = {
				ALWAYS_SEARCH_USER_PATHS = NO;
				APPLICATION_EXTENSION_API_ONLY = YES;
				CLANG_CXX_LANGUAGE_STANDARD = "gnu++0x";
				CLANG_CXX_LIBRARY = "libc++";
				CLANG_ENABLE_MODULES = YES;
				CLANG_ENABLE_OBJC_ARC = YES;
				CLANG_WARN_BLOCK_CAPTURE_AUTORELEASING = YES;
				CLANG_WARN_BOOL_CONVERSION = YES;
				CLANG_WARN_COMMA = YES;
				CLANG_WARN_CONSTANT_CONVERSION = YES;
				CLANG_WARN_DEPRECATED_OBJC_IMPLEMENTATIONS = YES;
				CLANG_WARN_DIRECT_OBJC_ISA_USAGE = YES_ERROR;
				CLANG_WARN_EMPTY_BODY = YES;
				CLANG_WARN_ENUM_CONVERSION = YES;
				CLANG_WARN_INFINITE_RECURSION = YES;
				CLANG_WARN_INT_CONVERSION = YES;
				CLANG_WARN_NON_LITERAL_NULL_CONVERSION = YES;
				CLANG_WARN_OBJC_IMPLICIT_RETAIN_SELF = YES;
				CLANG_WARN_OBJC_LITERAL_CONVERSION = YES;
				CLANG_WARN_OBJC_ROOT_CLASS = YES_ERROR;
				CLANG_WARN_RANGE_LOOP_ANALYSIS = YES;
				CLANG_WARN_STRICT_PROTOTYPES = YES;
				CLANG_WARN_SUSPICIOUS_MOVE = YES;
				CLANG_WARN_UNREACHABLE_CODE = YES;
				CLANG_WARN__DUPLICATE_METHOD_MATCH = YES;
				"CODE_SIGN_IDENTITY[sdk=iphoneos*]" = "iPhone Developer";
				COPY_PHASE_STRIP = NO;
				CURRENT_PROJECT_VERSION = 1;
				DEBUG_INFORMATION_FORMAT = "dwarf-with-dsym";
				ENABLE_NS_ASSERTIONS = NO;
				ENABLE_STRICT_OBJC_MSGSEND = YES;
				GCC_C_LANGUAGE_STANDARD = gnu99;
				GCC_NO_COMMON_BLOCKS = YES;
				GCC_WARN_64_TO_32_BIT_CONVERSION = YES;
				GCC_WARN_ABOUT_RETURN_TYPE = YES_ERROR;
				GCC_WARN_UNDECLARED_SELECTOR = YES;
				GCC_WARN_UNINITIALIZED_AUTOS = YES_AGGRESSIVE;
				GCC_WARN_UNUSED_FUNCTION = YES;
				GCC_WARN_UNUSED_VARIABLE = YES;
				IPHONEOS_DEPLOYMENT_TARGET = 8.0;
				MACOSX_DEPLOYMENT_TARGET = 10.9;
				MTL_ENABLE_DEBUG_INFO = NO;
				SDKROOT = iphoneos;
				SWIFT_OPTIMIZATION_LEVEL = "-Owholemodule";
				SWIFT_SWIFT3_OBJC_INFERENCE = Off;
				SWIFT_VERSION = 4.0;
				TARGETED_DEVICE_FAMILY = "1,2";
				TVOS_DEPLOYMENT_TARGET = 9.0;
				VALIDATE_PRODUCT = YES;
				VERSIONING_SYSTEM = "apple-generic";
				VERSION_INFO_PREFIX = "";
				WATCHOS_DEPLOYMENT_TARGET = 2.0;
			};
			name = Release;
		};
		3647AFB01B335D5500EF10D4 /* Debug */ = {
			isa = XCBuildConfiguration;
			buildSettings = {
				CLANG_ENABLE_MODULES = YES;
				"CODE_SIGN_IDENTITY[sdk=iphoneos*]" = "";
				DEFINES_MODULE = YES;
				DYLIB_COMPATIBILITY_VERSION = 1;
				DYLIB_CURRENT_VERSION = 1;
				DYLIB_INSTALL_NAME_BASE = "@rpath";
				INFOPLIST_FILE = "$(SRCROOT)/Sources/DVR/Resources/Info.plist";
				INSTALL_PATH = "$(LOCAL_LIBRARY_DIR)/Frameworks";
				LD_RUNPATH_SEARCH_PATHS = "$(inherited) @executable_path/Frameworks @loader_path/Frameworks";
				PRODUCT_BUNDLE_IDENTIFIER = com.venmo.DVR;
				PRODUCT_NAME = DVR;
				SKIP_INSTALL = YES;
			};
			name = Debug;
		};
		3647AFB11B335D5500EF10D4 /* Release */ = {
			isa = XCBuildConfiguration;
			buildSettings = {
				CLANG_ENABLE_MODULES = YES;
				"CODE_SIGN_IDENTITY[sdk=iphoneos*]" = "";
				DEFINES_MODULE = YES;
				DYLIB_COMPATIBILITY_VERSION = 1;
				DYLIB_CURRENT_VERSION = 1;
				DYLIB_INSTALL_NAME_BASE = "@rpath";
				INFOPLIST_FILE = "$(SRCROOT)/Sources/DVR/Resources/Info.plist";
				INSTALL_PATH = "$(LOCAL_LIBRARY_DIR)/Frameworks";
				LD_RUNPATH_SEARCH_PATHS = "$(inherited) @executable_path/Frameworks @loader_path/Frameworks";
				PRODUCT_BUNDLE_IDENTIFIER = com.venmo.DVR;
				PRODUCT_NAME = DVR;
				SKIP_INSTALL = YES;
			};
			name = Release;
		};
		3647AFB31B335D5500EF10D4 /* Debug */ = {
			isa = XCBuildConfiguration;
			buildSettings = {
				APPLICATION_EXTENSION_API_ONLY = NO;
				INFOPLIST_FILE = "$(SRCROOT)/Tests/DVRTests/Info.plist";
				LD_RUNPATH_SEARCH_PATHS = "$(inherited) @executable_path/Frameworks @loader_path/Frameworks";
				PRODUCT_BUNDLE_IDENTIFIER = com.venmo.DVR.iostests;
				PRODUCT_NAME = "$(TARGET_NAME)";
			};
			name = Debug;
		};
		3647AFB41B335D5500EF10D4 /* Release */ = {
			isa = XCBuildConfiguration;
			buildSettings = {
				APPLICATION_EXTENSION_API_ONLY = NO;
				INFOPLIST_FILE = "$(SRCROOT)/Tests/DVRTests/Info.plist";
				LD_RUNPATH_SEARCH_PATHS = "$(inherited) @executable_path/Frameworks @loader_path/Frameworks";
				PRODUCT_BUNDLE_IDENTIFIER = com.venmo.DVR.iostests;
				PRODUCT_NAME = "$(TARGET_NAME)";
			};
			name = Release;
		};
		3690A08D1B33AA3C00731222 /* Debug */ = {
			isa = XCBuildConfiguration;
			buildSettings = {
				COMBINE_HIDPI_IMAGES = YES;
				DEFINES_MODULE = YES;
				DYLIB_COMPATIBILITY_VERSION = 1;
				DYLIB_CURRENT_VERSION = 1;
				DYLIB_INSTALL_NAME_BASE = "@rpath";
				FRAMEWORK_VERSION = A;
				INFOPLIST_FILE = "$(SRCROOT)/Sources/DVR/Resources/Info.plist";
				INSTALL_PATH = "$(LOCAL_LIBRARY_DIR)/Frameworks";
				LD_RUNPATH_SEARCH_PATHS = "$(inherited) @executable_path/../Frameworks @loader_path/Frameworks";
				PRODUCT_BUNDLE_IDENTIFIER = com.venmo.DVR;
				PRODUCT_NAME = DVR;
				SDKROOT = macosx;
				SKIP_INSTALL = YES;
			};
			name = Debug;
		};
		3690A08E1B33AA3C00731222 /* Release */ = {
			isa = XCBuildConfiguration;
			buildSettings = {
				COMBINE_HIDPI_IMAGES = YES;
				DEFINES_MODULE = YES;
				DYLIB_COMPATIBILITY_VERSION = 1;
				DYLIB_CURRENT_VERSION = 1;
				DYLIB_INSTALL_NAME_BASE = "@rpath";
				FRAMEWORK_VERSION = A;
				INFOPLIST_FILE = "$(SRCROOT)/Sources/DVR/Resources/Info.plist";
				INSTALL_PATH = "$(LOCAL_LIBRARY_DIR)/Frameworks";
				LD_RUNPATH_SEARCH_PATHS = "$(inherited) @executable_path/../Frameworks @loader_path/Frameworks";
				PRODUCT_BUNDLE_IDENTIFIER = com.venmo.DVR;
				PRODUCT_NAME = DVR;
				SDKROOT = macosx;
				SKIP_INSTALL = YES;
			};
			name = Release;
		};
		3690A0901B33AA3C00731222 /* Debug */ = {
			isa = XCBuildConfiguration;
			buildSettings = {
				APPLICATION_EXTENSION_API_ONLY = NO;
				COMBINE_HIDPI_IMAGES = YES;
				INFOPLIST_FILE = "$(SRCROOT)/Tests/DVRTests/Info.plist";
				LD_RUNPATH_SEARCH_PATHS = "$(inherited) @executable_path/../Frameworks @loader_path/../Frameworks";
				PRODUCT_BUNDLE_IDENTIFIER = com.venmo.DVR.osxtests;
				PRODUCT_NAME = "$(TARGET_NAME)";
				SDKROOT = macosx;
			};
			name = Debug;
		};
		3690A0911B33AA3C00731222 /* Release */ = {
			isa = XCBuildConfiguration;
			buildSettings = {
				APPLICATION_EXTENSION_API_ONLY = NO;
				COMBINE_HIDPI_IMAGES = YES;
				INFOPLIST_FILE = "$(SRCROOT)/Tests/DVRTests/Info.plist";
				LD_RUNPATH_SEARCH_PATHS = "$(inherited) @executable_path/../Frameworks @loader_path/../Frameworks";
				PRODUCT_BUNDLE_IDENTIFIER = com.venmo.DVR.osxtests;
				PRODUCT_NAME = "$(TARGET_NAME)";
				SDKROOT = macosx;
			};
			name = Release;
		};
/* End XCBuildConfiguration section */

/* Begin XCConfigurationList section */
		2104F53F1DC658590039CA14 /* Build configuration list for PBXNativeTarget "DVR-tvOS" */ = {
			isa = XCConfigurationList;
			buildConfigurations = (
				2104F5401DC658590039CA14 /* Debug */,
				2104F5411DC658590039CA14 /* Release */,
			);
			defaultConfigurationIsVisible = 0;
			defaultConfigurationName = Release;
		};
		2104F5421DC658590039CA14 /* Build configuration list for PBXNativeTarget "DVRTests-tvOS" */ = {
			isa = XCConfigurationList;
			buildConfigurations = (
				2104F5431DC658590039CA14 /* Debug */,
				2104F5441DC658590039CA14 /* Release */,
			);
			defaultConfigurationIsVisible = 0;
			defaultConfigurationName = Release;
		};
		3647AF951B335D5500EF10D4 /* Build configuration list for PBXProject "DVR" */ = {
			isa = XCConfigurationList;
			buildConfigurations = (
				3647AFAD1B335D5500EF10D4 /* Debug */,
				3647AFAE1B335D5500EF10D4 /* Release */,
			);
			defaultConfigurationIsVisible = 0;
			defaultConfigurationName = Release;
		};
		3647AFAF1B335D5500EF10D4 /* Build configuration list for PBXNativeTarget "DVR-iOS" */ = {
			isa = XCConfigurationList;
			buildConfigurations = (
				3647AFB01B335D5500EF10D4 /* Debug */,
				3647AFB11B335D5500EF10D4 /* Release */,
			);
			defaultConfigurationIsVisible = 0;
			defaultConfigurationName = Release;
		};
		3647AFB21B335D5500EF10D4 /* Build configuration list for PBXNativeTarget "DVRTests-iOS" */ = {
			isa = XCConfigurationList;
			buildConfigurations = (
				3647AFB31B335D5500EF10D4 /* Debug */,
				3647AFB41B335D5500EF10D4 /* Release */,
			);
			defaultConfigurationIsVisible = 0;
			defaultConfigurationName = Release;
		};
		3690A08C1B33AA3C00731222 /* Build configuration list for PBXNativeTarget "DVR-macOS" */ = {
			isa = XCConfigurationList;
			buildConfigurations = (
				3690A08D1B33AA3C00731222 /* Debug */,
				3690A08E1B33AA3C00731222 /* Release */,
			);
			defaultConfigurationIsVisible = 0;
			defaultConfigurationName = Release;
		};
		3690A08F1B33AA3C00731222 /* Build configuration list for PBXNativeTarget "DVRTests-macOS" */ = {
			isa = XCConfigurationList;
			buildConfigurations = (
				3690A0901B33AA3C00731222 /* Debug */,
				3690A0911B33AA3C00731222 /* Release */,
			);
			defaultConfigurationIsVisible = 0;
			defaultConfigurationName = Release;
		};
/* End XCConfigurationList section */
	};
	rootObject = 3647AF921B335D5500EF10D4 /* Project object */;
}
